// !$*UTF8*$!
{
	archiveVersion = 1;
	classes = {
	};
	objectVersion = 48;
	objects = {

/* Begin PBXBuildFile section */
		26F6AC8D2017B2E800E90063 /* AppDelegate.swift in Sources */ = {isa = PBXBuildFile; fileRef = 26F6AC8C2017B2E800E90063 /* AppDelegate.swift */; };
		26F6AC8F2017B2E800E90063 /* ViewController.swift in Sources */ = {isa = PBXBuildFile; fileRef = 26F6AC8E2017B2E800E90063 /* ViewController.swift */; };
		26F6AC922017B2E800E90063 /* Main.storyboard in Resources */ = {isa = PBXBuildFile; fileRef = 26F6AC902017B2E800E90063 /* Main.storyboard */; };
		26F6AC942017B2E800E90063 /* Assets.xcassets in Resources */ = {isa = PBXBuildFile; fileRef = 26F6AC932017B2E800E90063 /* Assets.xcassets */; };
		26F6AC972017B2E800E90063 /* LaunchScreen.storyboard in Resources */ = {isa = PBXBuildFile; fileRef = 26F6AC952017B2E800E90063 /* LaunchScreen.storyboard */; };
		26F6ACA22017B2E800E90063 /* coffeeLoveTests.swift in Sources */ = {isa = PBXBuildFile; fileRef = 26F6ACA12017B2E800E90063 /* coffeeLoveTests.swift */; };
		26F6ACAD2017B2E800E90063 /* coffeeLoveUITests.swift in Sources */ = {isa = PBXBuildFile; fileRef = 26F6ACAC2017B2E800E90063 /* coffeeLoveUITests.swift */; };
/* End PBXBuildFile section */

/* Begin PBXContainerItemProxy section */
		26F6AC9E2017B2E800E90063 /* PBXContainerItemProxy */ = {
			isa = PBXContainerItemProxy;
			containerPortal = 26F6AC812017B2E800E90063 /* Project object */;
			proxyType = 1;
			remoteGlobalIDString = 26F6AC882017B2E800E90063;
			remoteInfo = coffeeLove;
		};
		26F6ACA92017B2E800E90063 /* PBXContainerItemProxy */ = {
			isa = PBXContainerItemProxy;
			containerPortal = 26F6AC812017B2E800E90063 /* Project object */;
			proxyType = 1;
			remoteGlobalIDString = 26F6AC882017B2E800E90063;
			remoteInfo = coffeeLove;
		};
/* End PBXContainerItemProxy section */

/* Begin PBXFileReference section */
		26F6AC892017B2E800E90063 /* coffeeLove.app */ = {isa = PBXFileReference; explicitFileType = wrapper.application; includeInIndex = 0; path = coffeeLove.app; sourceTree = BUILT_PRODUCTS_DIR; };
		26F6AC8C2017B2E800E90063 /* AppDelegate.swift */ = {isa = PBXFileReference; lastKnownFileType = sourcecode.swift; path = AppDelegate.swift; sourceTree = "<group>"; };
		26F6AC8E2017B2E800E90063 /* ViewController.swift */ = {isa = PBXFileReference; lastKnownFileType = sourcecode.swift; path = ViewController.swift; sourceTree = "<group>"; };
		26F6AC912017B2E800E90063 /* Base */ = {isa = PBXFileReference; lastKnownFileType = file.storyboard; name = Base; path = Base.lproj/Main.storyboard; sourceTree = "<group>"; };
		26F6AC932017B2E800E90063 /* Assets.xcassets */ = {isa = PBXFileReference; lastKnownFileType = folder.assetcatalog; path = Assets.xcassets; sourceTree = "<group>"; };
		26F6AC962017B2E800E90063 /* Base */ = {isa = PBXFileReference; lastKnownFileType = file.storyboard; name = Base; path = Base.lproj/LaunchScreen.storyboard; sourceTree = "<group>"; };
		26F6AC982017B2E800E90063 /* Info.plist */ = {isa = PBXFileReference; lastKnownFileType = text.plist.xml; path = Info.plist; sourceTree = "<group>"; };
		26F6AC9D2017B2E800E90063 /* coffeeLoveTests.xctest */ = {isa = PBXFileReference; explicitFileType = wrapper.cfbundle; includeInIndex = 0; path = coffeeLoveTests.xctest; sourceTree = BUILT_PRODUCTS_DIR; };
		26F6ACA12017B2E800E90063 /* coffeeLoveTests.swift */ = {isa = PBXFileReference; lastKnownFileType = sourcecode.swift; path = coffeeLoveTests.swift; sourceTree = "<group>"; };
		26F6ACA32017B2E800E90063 /* Info.plist */ = {isa = PBXFileReference; lastKnownFileType = text.plist.xml; path = Info.plist; sourceTree = "<group>"; };
		26F6ACA82017B2E800E90063 /* coffeeLoveUITests.xctest */ = {isa = PBXFileReference; explicitFileType = wrapper.cfbundle; includeInIndex = 0; path = coffeeLoveUITests.xctest; sourceTree = BUILT_PRODUCTS_DIR; };
		26F6ACAC2017B2E800E90063 /* coffeeLoveUITests.swift */ = {isa = PBXFileReference; lastKnownFileType = sourcecode.swift; path = coffeeLoveUITests.swift; sourceTree = "<group>"; };
		26F6ACAE2017B2E800E90063 /* Info.plist */ = {isa = PBXFileReference; lastKnownFileType = text.plist.xml; path = Info.plist; sourceTree = "<group>"; };
/* End PBXFileReference section */

/* Begin PBXFrameworksBuildPhase section */
		26F6AC862017B2E800E90063 /* Frameworks */ = {
			isa = PBXFrameworksBuildPhase;
			buildActionMask = 2147483647;
			files = (
			);
			runOnlyForDeploymentPostprocessing = 0;
		};
		26F6AC9A2017B2E800E90063 /* Frameworks */ = {
			isa = PBXFrameworksBuildPhase;
			buildActionMask = 2147483647;
			files = (
			);
			runOnlyForDeploymentPostprocessing = 0;
		};
		26F6ACA52017B2E800E90063 /* Frameworks */ = {
			isa = PBXFrameworksBuildPhase;
			buildActionMask = 2147483647;
			files = (
			);
			runOnlyForDeploymentPostprocessing = 0;
		};
/* End PBXFrameworksBuildPhase section */

/* Begin PBXGroup section */
		26F6AC802017B2E800E90063 = {
			isa = PBXGroup;
			children = (
				26F6AC8B2017B2E800E90063 /* coffeeLove */,
				26F6ACA02017B2E800E90063 /* coffeeLoveTests */,
				26F6ACAB2017B2E800E90063 /* coffeeLoveUITests */,
				26F6AC8A2017B2E800E90063 /* Products */,
			);
			sourceTree = "<group>";
		};
		26F6AC8A2017B2E800E90063 /* Products */ = {
			isa = PBXGroup;
			children = (
				26F6AC892017B2E800E90063 /* coffeeLove.app */,
				26F6AC9D2017B2E800E90063 /* coffeeLoveTests.xctest */,
				26F6ACA82017B2E800E90063 /* coffeeLoveUITests.xctest */,
			);
			name = Products;
			sourceTree = "<group>";
		};
		26F6AC8B2017B2E800E90063 /* coffeeLove */ = {
			isa = PBXGroup;
			children = (
				26F6AC8C2017B2E800E90063 /* AppDelegate.swift */,
				26F6AC8E2017B2E800E90063 /* ViewController.swift */,
				26F6AC902017B2E800E90063 /* Main.storyboard */,
				26F6AC932017B2E800E90063 /* Assets.xcassets */,
				26F6AC952017B2E800E90063 /* LaunchScreen.storyboard */,
				26F6AC982017B2E800E90063 /* Info.plist */,
			);
			path = coffeeLove;
			sourceTree = "<group>";
		};
		26F6ACA02017B2E800E90063 /* coffeeLoveTests */ = {
			isa = PBXGroup;
			children = (
				26F6ACA12017B2E800E90063 /* coffeeLoveTests.swift */,
				26F6ACA32017B2E800E90063 /* Info.plist */,
			);
			path = coffeeLoveTests;
			sourceTree = "<group>";
		};
		26F6ACAB2017B2E800E90063 /* coffeeLoveUITests */ = {
			isa = PBXGroup;
			children = (
				26F6ACAC2017B2E800E90063 /* coffeeLoveUITests.swift */,
				26F6ACAE2017B2E800E90063 /* Info.plist */,
			);
			path = coffeeLoveUITests;
			sourceTree = "<group>";
		};
/* End PBXGroup section */

/* Begin PBXNativeTarget section */
		26F6AC882017B2E800E90063 /* coffeeLove */ = {
			isa = PBXNativeTarget;
			buildConfigurationList = 26F6ACB12017B2E800E90063 /* Build configuration list for PBXNativeTarget "coffeeLove" */;
			buildPhases = (
				26F6AC852017B2E800E90063 /* Sources */,
				26F6AC862017B2E800E90063 /* Frameworks */,
				26F6AC872017B2E800E90063 /* Resources */,
			);
			buildRules = (
			);
			dependencies = (
			);
			name = coffeeLove;
			productName = coffeeLove;
			productReference = 26F6AC892017B2E800E90063 /* coffeeLove.app */;
			productType = "com.apple.product-type.application";
		};
		26F6AC9C2017B2E800E90063 /* coffeeLoveTests */ = {
			isa = PBXNativeTarget;
			buildConfigurationList = 26F6ACB42017B2E800E90063 /* Build configuration list for PBXNativeTarget "coffeeLoveTests" */;
			buildPhases = (
				26F6AC992017B2E800E90063 /* Sources */,
				26F6AC9A2017B2E800E90063 /* Frameworks */,
				26F6AC9B2017B2E800E90063 /* Resources */,
			);
			buildRules = (
			);
			dependencies = (
				26F6AC9F2017B2E800E90063 /* PBXTargetDependency */,
			);
			name = coffeeLoveTests;
			productName = coffeeLoveTests;
			productReference = 26F6AC9D2017B2E800E90063 /* coffeeLoveTests.xctest */;
			productType = "com.apple.product-type.bundle.unit-test";
		};
		26F6ACA72017B2E800E90063 /* coffeeLoveUITests */ = {
			isa = PBXNativeTarget;
			buildConfigurationList = 26F6ACB72017B2E800E90063 /* Build configuration list for PBXNativeTarget "coffeeLoveUITests" */;
			buildPhases = (
				26F6ACA42017B2E800E90063 /* Sources */,
				26F6ACA52017B2E800E90063 /* Frameworks */,
				26F6ACA62017B2E800E90063 /* Resources */,
			);
			buildRules = (
			);
			dependencies = (
				26F6ACAA2017B2E800E90063 /* PBXTargetDependency */,
			);
			name = coffeeLoveUITests;
			productName = coffeeLoveUITests;
			productReference = 26F6ACA82017B2E800E90063 /* coffeeLoveUITests.xctest */;
			productType = "com.apple.product-type.bundle.ui-testing";
		};
/* End PBXNativeTarget section */

/* Begin PBXProject section */
		26F6AC812017B2E800E90063 /* Project object */ = {
			isa = PBXProject;
			attributes = {
				LastSwiftUpdateCheck = 0920;
				LastUpgradeCheck = 0920;
				ORGANIZATIONNAME = farbiedoll;
				TargetAttributes = {
					26F6AC882017B2E800E90063 = {
						CreatedOnToolsVersion = 9.2;
						ProvisioningStyle = Automatic;
					};
					26F6AC9C2017B2E800E90063 = {
						CreatedOnToolsVersion = 9.2;
						ProvisioningStyle = Automatic;
						TestTargetID = 26F6AC882017B2E800E90063;
					};
					26F6ACA72017B2E800E90063 = {
						CreatedOnToolsVersion = 9.2;
						ProvisioningStyle = Automatic;
						TestTargetID = 26F6AC882017B2E800E90063;
					};
				};
			};
			buildConfigurationList = 26F6AC842017B2E800E90063 /* Build configuration list for PBXProject "coffeeLove" */;
			compatibilityVersion = "Xcode 8.0";
			developmentRegion = en;
			hasScannedForEncodings = 0;
			knownRegions = (
				en,
				Base,
			);
			mainGroup = 26F6AC802017B2E800E90063;
			productRefGroup = 26F6AC8A2017B2E800E90063 /* Products */;
			projectDirPath = "";
			projectRoot = "";
			targets = (
				26F6AC882017B2E800E90063 /* coffeeLove */,
				26F6AC9C2017B2E800E90063 /* coffeeLoveTests */,
				26F6ACA72017B2E800E90063 /* coffeeLoveUITests */,
			);
		};
/* End PBXProject section */

/* Begin PBXResourcesBuildPhase section */
		26F6AC872017B2E800E90063 /* Resources */ = {
			isa = PBXResourcesBuildPhase;
			buildActionMask = 2147483647;
			files = (
				26F6AC972017B2E800E90063 /* LaunchScreen.storyboard in Resources */,
				26F6AC942017B2E800E90063 /* Assets.xcassets in Resources */,
				26F6AC922017B2E800E90063 /* Main.storyboard in Resources */,
			);
			runOnlyForDeploymentPostprocessing = 0;
		};
		26F6AC9B2017B2E800E90063 /* Resources */ = {
			isa = PBXResourcesBuildPhase;
			buildActionMask = 2147483647;
			files = (
			);
			runOnlyForDeploymentPostprocessing = 0;
		};
		26F6ACA62017B2E800E90063 /* Resources */ = {
			isa = PBXResourcesBuildPhase;
			buildActionMask = 2147483647;
			files = (
			);
			runOnlyForDeploymentPostprocessing = 0;
		};
/* End PBXResourcesBuildPhase section */

/* Begin PBXSourcesBuildPhase section */
		26F6AC852017B2E800E90063 /* Sources */ = {
			isa = PBXSourcesBuildPhase;
			buildActionMask = 2147483647;
			files = (
				26F6AC8F2017B2E800E90063 /* ViewController.swift in Sources */,
				26F6AC8D2017B2E800E90063 /* AppDelegate.swift in Sources */,
			);
			runOnlyForDeploymentPostprocessing = 0;
		};
		26F6AC992017B2E800E90063 /* Sources */ = {
			isa = PBXSourcesBuildPhase;
			buildActionMask = 2147483647;
			files = (
				26F6ACA22017B2E800E90063 /* coffeeLoveTests.swift in Sources */,
			);
			runOnlyForDeploymentPostprocessing = 0;
		};
		26F6ACA42017B2E800E90063 /* Sources */ = {
			isa = PBXSourcesBuildPhase;
			buildActionMask = 2147483647;
			files = (
				26F6ACAD2017B2E800E90063 /* coffeeLoveUITests.swift in Sources */,
			);
			runOnlyForDeploymentPostprocessing = 0;
		};
/* End PBXSourcesBuildPhase section */

/* Begin PBXTargetDependency section */
		26F6AC9F2017B2E800E90063 /* PBXTargetDependency */ = {
			isa = PBXTargetDependency;
			target = 26F6AC882017B2E800E90063 /* coffeeLove */;
			targetProxy = 26F6AC9E2017B2E800E90063 /* PBXContainerItemProxy */;
		};
		26F6ACAA2017B2E800E90063 /* PBXTargetDependency */ = {
			isa = PBXTargetDependency;
			target = 26F6AC882017B2E800E90063 /* coffeeLove */;
			targetProxy = 26F6ACA92017B2E800E90063 /* PBXContainerItemProxy */;
		};
/* End PBXTargetDependency section */

/* Begin PBXVariantGroup section */
		26F6AC902017B2E800E90063 /* Main.storyboard */ = {
			isa = PBXVariantGroup;
			children = (
				26F6AC912017B2E800E90063 /* Base */,
			);
			name = Main.storyboard;
			sourceTree = "<group>";
		};
		26F6AC952017B2E800E90063 /* LaunchScreen.storyboard */ = {
			isa = PBXVariantGroup;
			children = (
				26F6AC962017B2E800E90063 /* Base */,
			);
			name = LaunchScreen.storyboard;
			sourceTree = "<group>";
		};
/* End PBXVariantGroup section */

/* Begin XCBuildConfiguration section */
		26F6ACAF2017B2E800E90063 /* Debug */ = {
			isa = XCBuildConfiguration;
			buildSettings = {
				ALWAYS_SEARCH_USER_PATHS = NO;
				CLANG_ANALYZER_NONNULL = YES;
				CLANG_ANALYZER_NUMBER_OBJECT_CONVERSION = YES_AGGRESSIVE;
				CLANG_CXX_LANGUAGE_STANDARD = "gnu++14";
				CLANG_CXX_LIBRARY = "libc++";
				CLANG_ENABLE_MODULES = YES;
				CLANG_ENABLE_OBJC_ARC = YES;
				CLANG_WARN_BLOCK_CAPTURE_AUTORELEASING = YES;
				CLANG_WARN_BOOL_CONVERSION = YES;
				CLANG_WARN_COMMA = YES;
				CLANG_WARN_CONSTANT_CONVERSION = YES;
				CLANG_WARN_DIRECT_OBJC_ISA_USAGE = YES_ERROR;
				CLANG_WARN_DOCUMENTATION_COMMENTS = YES;
				CLANG_WARN_EMPTY_BODY = YES;
				CLANG_WARN_ENUM_CONVERSION = YES;
				CLANG_WARN_INFINITE_RECURSION = YES;
				CLANG_WARN_INT_CONVERSION = YES;
				CLANG_WARN_NON_LITERAL_NULL_CONVERSION = YES;
				CLANG_WARN_OBJC_LITERAL_CONVERSION = YES;
				CLANG_WARN_OBJC_ROOT_CLASS = YES_ERROR;
				CLANG_WARN_RANGE_LOOP_ANALYSIS = YES;
				CLANG_WARN_STRICT_PROTOTYPES = YES;
				CLANG_WARN_SUSPICIOUS_MOVE = YES;
				CLANG_WARN_UNGUARDED_AVAILABILITY = YES_AGGRESSIVE;
				CLANG_WARN_UNREACHABLE_CODE = YES;
				CLANG_WARN__DUPLICATE_METHOD_MATCH = YES;
				CODE_SIGN_IDENTITY = "iPhone Developer";
				COPY_PHASE_STRIP = NO;
				DEBUG_INFORMATION_FORMAT = dwarf;
				ENABLE_STRICT_OBJC_MSGSEND = YES;
				ENABLE_TESTABILITY = YES;
				GCC_C_LANGUAGE_STANDARD = gnu11;
				GCC_DYNAMIC_NO_PIC = NO;
				GCC_NO_COMMON_BLOCKS = YES;
				GCC_OPTIMIZATION_LEVEL = 0;
				GCC_PREPROCESSOR_DEFINITIONS = (
					"DEBUG=1",
					"$(inherited)",
				);
				GCC_WARN_64_TO_32_BIT_CONVERSION = YES;
				GCC_WARN_ABOUT_RETURN_TYPE = YES_ERROR;
				GCC_WARN_UNDECLARED_SELECTOR = YES;
				GCC_WARN_UNINITIALIZED_AUTOS = YES_AGGRESSIVE;
				GCC_WARN_UNUSED_FUNCTION = YES;
				GCC_WARN_UNUSED_VARIABLE = YES;
				IPHONEOS_DEPLOYMENT_TARGET = 11.2;
				MTL_ENABLE_DEBUG_INFO = YES;
				ONLY_ACTIVE_ARCH = YES;
				SDKROOT = iphoneos;
				SWIFT_ACTIVE_COMPILATION_CONDITIONS = DEBUG;
				SWIFT_OPTIMIZATION_LEVEL = "-Onone";
			};
			name = Debug;
		};
		26F6ACB02017B2E800E90063 /* Release */ = {
			isa = XCBuildConfiguration;
			buildSettings = {
				ALWAYS_SEARCH_USER_PATHS = NO;
				CLANG_ANALYZER_NONNULL = YES;
				CLANG_ANALYZER_NUMBER_OBJECT_CONVERSION = YES_AGGRESSIVE;
				CLANG_CXX_LANGUAGE_STANDARD = "gnu++14";
				CLANG_CXX_LIBRARY = "libc++";
				CLANG_ENABLE_MODULES = YES;
				CLANG_ENABLE_OBJC_ARC = YES;
				CLANG_WARN_BLOCK_CAPTURE_AUTORELEASING = YES;
				CLANG_WARN_BOOL_CONVERSION = YES;
				CLANG_WARN_COMMA = YES;
				CLANG_WARN_CONSTANT_CONVERSION = YES;
				CLANG_WARN_DIRECT_OBJC_ISA_USAGE = YES_ERROR;
				CLANG_WARN_DOCUMENTATION_COMMENTS = YES;
				CLANG_WARN_EMPTY_BODY = YES;
				CLANG_WARN_ENUM_CONVERSION = YES;
				CLANG_WARN_INFINITE_RECURSION = YES;
				CLANG_WARN_INT_CONVERSION = YES;
				CLANG_WARN_NON_LITERAL_NULL_CONVERSION = YES;
				CLANG_WARN_OBJC_LITERAL_CONVERSION = YES;
				CLANG_WARN_OBJC_ROOT_CLASS = YES_ERROR;
				CLANG_WARN_RANGE_LOOP_ANALYSIS = YES;
				CLANG_WARN_STRICT_PROTOTYPES = YES;
				CLANG_WARN_SUSPICIOUS_MOVE = YES;
				CLANG_WARN_UNGUARDED_AVAILABILITY = YES_AGGRESSIVE;
				CLANG_WARN_UNREACHABLE_CODE = YES;
				CLANG_WARN__DUPLICATE_METHOD_MATCH = YES;
				CODE_SIGN_IDENTITY = "iPhone Developer";
				COPY_PHASE_STRIP = NO;
				DEBUG_INFORMATION_FORMAT = "dwarf-with-dsym";
				ENABLE_NS_ASSERTIONS = NO;
				ENABLE_STRICT_OBJC_MSGSEND = YES;
				GCC_C_LANGUAGE_STANDARD = gnu11;
				GCC_NO_COMMON_BLOCKS = YES;
				GCC_WARN_64_TO_32_BIT_CONVERSION = YES;
				GCC_WARN_ABOUT_RETURN_TYPE = YES_ERROR;
				GCC_WARN_UNDECLARED_SELECTOR = YES;
				GCC_WARN_UNINITIALIZED_AUTOS = YES_AGGRESSIVE;
				GCC_WARN_UNUSED_FUNCTION = YES;
				GCC_WARN_UNUSED_VARIABLE = YES;
				IPHONEOS_DEPLOYMENT_TARGET = 11.2;
				MTL_ENABLE_DEBUG_INFO = NO;
				SDKROOT = iphoneos;
				SWIFT_OPTIMIZATION_LEVEL = "-Owholemodule";
				VALIDATE_PRODUCT = YES;
			};
			name = Release;
		};
		26F6ACB22017B2E800E90063 /* Debug */ = {
			isa = XCBuildConfiguration;
			buildSettings = {
				ASSETCATALOG_COMPILER_APPICON_NAME = AppIcon;
				CODE_SIGN_STYLE = Automatic;
				DEVELOPMENT_TEAM = N882L757DR;
				INFOPLIST_FILE = coffeeLove/Info.plist;
				LD_RUNPATH_SEARCH_PATHS = "$(inherited) @executable_path/Frameworks";
				PRODUCT_BUNDLE_IDENTIFIER = farbiedoll.coffeeLove;
				PRODUCT_NAME = "$(TARGET_NAME)";
				SWIFT_VERSION = 4.0;
				TARGETED_DEVICE_FAMILY = "1,2";
			};
			name = Debug;
		};
		26F6ACB32017B2E800E90063 /* Release */ = {
			isa = XCBuildConfiguration;
			buildSettings = {
				ASSETCATALOG_COMPILER_APPICON_NAME = AppIcon;
				CODE_SIGN_STYLE = Automatic;
				DEVELOPMENT_TEAM = N882L757DR;
				INFOPLIST_FILE = coffeeLove/Info.plist;
				LD_RUNPATH_SEARCH_PATHS = "$(inherited) @executable_path/Frameworks";
				PRODUCT_BUNDLE_IDENTIFIER = farbiedoll.coffeeLove;
				PRODUCT_NAME = "$(TARGET_NAME)";
				SWIFT_VERSION = 4.0;
				TARGETED_DEVICE_FAMILY = "1,2";
			};
			name = Release;
		};
		26F6ACB52017B2E800E90063 /* Debug */ = {
			isa = XCBuildConfiguration;
			buildSettings = {
				ALWAYS_EMBED_SWIFT_STANDARD_LIBRARIES = YES;
				BUNDLE_LOADER = "$(TEST_HOST)";
				CODE_SIGN_STYLE = Automatic;
				DEVELOPMENT_TEAM = N882L757DR;
				INFOPLIST_FILE = coffeeLoveTests/Info.plist;
				LD_RUNPATH_SEARCH_PATHS = "$(inherited) @executable_path/Frameworks @loader_path/Frameworks";
				PRODUCT_BUNDLE_IDENTIFIER = farbiedoll.coffeeLoveTests;
				PRODUCT_NAME = "$(TARGET_NAME)";
				SWIFT_VERSION = 4.0;
				TARGETED_DEVICE_FAMILY = "1,2";
				TEST_HOST = "$(BUILT_PRODUCTS_DIR)/coffeeLove.app/coffeeLove";
			};
			name = Debug;
		};
		26F6ACB62017B2E800E90063 /* Release */ = {
			isa = XCBuildConfiguration;
			buildSettings = {
				ALWAYS_EMBED_SWIFT_STANDARD_LIBRARIES = YES;
				BUNDLE_LOADER = "$(TEST_HOST)";
				CODE_SIGN_STYLE = Automatic;
				DEVELOPMENT_TEAM = N882L757DR;
				INFOPLIST_FILE = coffeeLoveTests/Info.plist;
				LD_RUNPATH_SEARCH_PATHS = "$(inherited) @executable_path/Frameworks @loader_path/Frameworks";
				PRODUCT_BUNDLE_IDENTIFIER = farbiedoll.coffeeLoveTests;
				PRODUCT_NAME = "$(TARGET_NAME)";
				SWIFT_VERSION = 4.0;
				TARGETED_DEVICE_FAMILY = "1,2";
				TEST_HOST = "$(BUILT_PRODUCTS_DIR)/coffeeLove.app/coffeeLove";
			};
			name = Release;
		};
		26F6ACB82017B2E800E90063 /* Debug */ = {
			isa = XCBuildConfiguration;
			buildSettings = {
				ALWAYS_EMBED_SWIFT_STANDARD_LIBRARIES = YES;
				CODE_SIGN_STYLE = Automatic;
				DEVELOPMENT_TEAM = N882L757DR;
				INFOPLIST_FILE = coffeeLoveUITests/Info.plist;
				LD_RUNPATH_SEARCH_PATHS = "$(inherited) @executable_path/Frameworks @loader_path/Frameworks";
				PRODUCT_BUNDLE_IDENTIFIER = farbiedoll.coffeeLoveUITests;
				PRODUCT_NAME = "$(TARGET_NAME)";
				SWIFT_VERSION = 4.0;
				TARGETED_DEVICE_FAMILY = "1,2";
				TEST_TARGET_NAME = coffeeLove;
			};
			name = Debug;
		};
		26F6ACB92017B2E800E90063 /* Release */ = {
			isa = XCBuildConfiguration;
			buildSettings = {
				ALWAYS_EMBED_SWIFT_STANDARD_LIBRARIES = YES;
				CODE_SIGN_STYLE = Automatic;
				DEVELOPMENT_TEAM = N882L757DR;
				INFOPLIST_FILE = coffeeLoveUITests/Info.plist;
				LD_RUNPATH_SEARCH_PATHS = "$(inherited) @executable_path/Frameworks @loader_path/Frameworks";
				PRODUCT_BUNDLE_IDENTIFIER = farbiedoll.coffeeLoveUITests;
				PRODUCT_NAME = "$(TARGET_NAME)";
				SWIFT_VERSION = 4.0;
				TARGETED_DEVICE_FAMILY = "1,2";
				TEST_TARGET_NAME = coffeeLove;
			};
			name = Release;
		};
/* End XCBuildConfiguration section */

/* Begin XCConfigurationList section */
		26F6AC842017B2E800E90063 /* Build configuration list for PBXProject "coffeeLove" */ = {
			isa = XCConfigurationList;
			buildConfigurations = (
				26F6ACAF2017B2E800E90063 /* Debug */,
				26F6ACB02017B2E800E90063 /* Release */,
			);
			defaultConfigurationIsVisible = 0;
			defaultConfigurationName = Release;
		};
		26F6ACB12017B2E800E90063 /* Build configuration list for PBXNativeTarget "coffeeLove" */ = {
			isa = XCConfigurationList;
			buildConfigurations = (
				26F6ACB22017B2E800E90063 /* Debug */,
				26F6ACB32017B2E800E90063 /* Release */,
			);
			defaultConfigurationIsVisible = 0;
			defaultConfigurationName = Release;
		};
		26F6ACB42017B2E800E90063 /* Build configuration list for PBXNativeTarget "coffeeLoveTests" */ = {
			isa = XCConfigurationList;
			buildConfigurations = (
				26F6ACB52017B2E800E90063 /* Debug */,
				26F6ACB62017B2E800E90063 /* Release */,
			);
			defaultConfigurationIsVisible = 0;
			defaultConfigurationName = Release;
		};
		26F6ACB72017B2E800E90063 /* Build configuration list for PBXNativeTarget "coffeeLoveUITests" */ = {
			isa = XCConfigurationList;
			buildConfigurations = (
				26F6ACB82017B2E800E90063 /* Debug */,
				26F6ACB92017B2E800E90063 /* Release */,
			);
			defaultConfigurationIsVisible = 0;
			defaultConfigurationName = Release;
		};
/* End XCConfigurationList section */
	};
	rootObject = 26F6AC812017B2E800E90063 /* Project object */;
}
